
Microsoft Visual Studio Solution File, Format Version 12.00
# Visual Studio Version 17
VisualStudioVersion = 17.12.35707.178 d17.12
MinimumVisualStudioVersion = 10.0.40219.1
Project("{FAE04EC0-301F-11D3-BF4B-00C04F79EFBC}") = "InventarioCCL.API", "InventarioCCL.API\InventarioCCL.API.csproj", "{10DC6642-F507-4502-AD02-F77CE56FDE7C}"
EndProject
Project("{FAE04EC0-301F-11D3-BF4B-00C04F79EFBC}") = "InventarioCCL.DataAccess", "InventarioCCL.DataAccess\InventarioCCL.DataAccess.csproj", "{06EF7DC9-3D0E-4619-AE58-AF6AFB3ECA22}"
EndProject
Project("{FAE04EC0-301F-11D3-BF4B-00C04F79EFBC}") = "InventarioCCL.Domain", "InventarioCCL.Domain\InventarioCCL.Domain.csproj", "{B0B3B766-EE98-4F7D-8793-B39994E0B0AD}"
EndProject
Project("{FAE04EC0-301F-11D3-BF4B-00C04F79EFBC}") = "InventarioCCL.Core", "InventarioCCL.Core\InventarioCCL.Core.csproj", "{E96CFDDC-71CC-4231-9355-8DA5FFA0C33A}"
EndProject
Global
	GlobalSection(SolutionConfigurationPlatforms) = preSolution
		Debug|Any CPU = Debug|Any CPU
		Release|Any CPU = Release|Any CPU
	EndGlobalSection
	GlobalSection(ProjectConfigurationPlatforms) = postSolution
		{10DC6642-F507-4502-AD02-F77CE56FDE7C}.Debug|Any CPU.ActiveCfg = Debug|Any CPU
		{10DC6642-F507-4502-AD02-F77CE56FDE7C}.Debug|Any CPU.Build.0 = Debug|Any CPU
		{10DC6642-F507-4502-AD02-F77CE56FDE7C}.Release|Any CPU.ActiveCfg = Release|Any CPU
		{10DC6642-F507-4502-AD02-F77CE56FDE7C}.Release|Any CPU.Build.0 = Release|Any CPU
		{06EF7DC9-3D0E-4619-AE58-AF6AFB3ECA22}.Debug|Any CPU.ActiveCfg = Debug|Any CPU
		{06EF7DC9-3D0E-4619-AE58-AF6AFB3ECA22}.Debug|Any CPU.Build.0 = Debug|Any CPU
		{06EF7DC9-3D0E-4619-AE58-AF6AFB3ECA22}.Release|Any CPU.ActiveCfg = Release|Any CPU
		{06EF7DC9-3D0E-4619-AE58-AF6AFB3ECA22}.Release|Any CPU.Build.0 = Release|Any CPU
		{B0B3B766-EE98-4F7D-8793-B39994E0B0AD}.Debug|Any CPU.ActiveCfg = Debug|Any CPU
		{B0B3B766-EE98-4F7D-8793-B39994E0B0AD}.Debug|Any CPU.Build.0 = Debug|Any CPU
		{B0B3B766-EE98-4F7D-8793-B39994E0B0AD}.Release|Any CPU.ActiveCfg = Release|Any CPU
		{B0B3B766-EE98-4F7D-8793-B39994E0B0AD}.Release|Any CPU.Build.0 = Release|Any CPU
		{E96CFDDC-71CC-4231-9355-8DA5FFA0C33A}.Debug|Any CPU.ActiveCfg = Debug|Any CPU
		{E96CFDDC-71CC-4231-9355-8DA5FFA0C33A}.Debug|Any CPU.Build.0 = Debug|Any CPU
		{E96CFDDC-71CC-4231-9355-8DA5FFA0C33A}.Release|Any CPU.ActiveCfg = Release|Any CPU
		{E96CFDDC-71CC-4231-9355-8DA5FFA0C33A}.Release|Any CPU.Build.0 = Release|Any CPU
	EndGlobalSection
	GlobalSection(SolutionProperties) = preSolution
		HideSolutionNode = FALSE
	EndGlobalSection
EndGlobal
